// !$*UTF8*$!
{
	archiveVersion = 1;
	classes = {
	};
	objectVersion = 50;
	objects = {

/* Begin PBXBuildFile section */
		D46B33C62564FE560044E279 /* Model.xcdatamodeld in Sources */ = {isa = PBXBuildFile; fileRef = D46B33C42564FE560044E279 /* Model.xcdatamodeld */; };
		D46B33CA2564FE7F0044E279 /* Contact+CoreDataClass.swift in Sources */ = {isa = PBXBuildFile; fileRef = D46B33C82564FE7F0044E279 /* Contact+CoreDataClass.swift */; };
		D46B33CB2564FE7F0044E279 /* Contact+CoreDataProperties.swift in Sources */ = {isa = PBXBuildFile; fileRef = D46B33C92564FE7F0044E279 /* Contact+CoreDataProperties.swift */; };
		D46B33CE256506990044E279 /* Person.swift in Sources */ = {isa = PBXBuildFile; fileRef = D46B33CD256506990044E279 /* Person.swift */; };
		D46B33D1256509D30044E279 /* PersistenceManager.swift in Sources */ = {isa = PBXBuildFile; fileRef = D46B33D0256509D30044E279 /* PersistenceManager.swift */; };
		D4D2F2D82564F4C7008D6915 /* AppDelegate.swift in Sources */ = {isa = PBXBuildFile; fileRef = D4D2F2D72564F4C7008D6915 /* AppDelegate.swift */; };
		D4D2F2DA2564F4C7008D6915 /* SceneDelegate.swift in Sources */ = {isa = PBXBuildFile; fileRef = D4D2F2D92564F4C7008D6915 /* SceneDelegate.swift */; };
		D4D2F2DC2564F4C7008D6915 /* ViewController.swift in Sources */ = {isa = PBXBuildFile; fileRef = D4D2F2DB2564F4C7008D6915 /* ViewController.swift */; };
		D4D2F2DF2564F4C7008D6915 /* Main.storyboard in Resources */ = {isa = PBXBuildFile; fileRef = D4D2F2DD2564F4C7008D6915 /* Main.storyboard */; };
		D4D2F2E42564F4CA008D6915 /* Assets.xcassets in Resources */ = {isa = PBXBuildFile; fileRef = D4D2F2E32564F4CA008D6915 /* Assets.xcassets */; };
		D4D2F2E72564F4CA008D6915 /* LaunchScreen.storyboard in Resources */ = {isa = PBXBuildFile; fileRef = D4D2F2E52564F4CA008D6915 /* LaunchScreen.storyboard */; };
/* End PBXBuildFile section */

/* Begin PBXFileReference section */
		D46B33C52564FE560044E279 /* Model.xcdatamodel */ = {isa = PBXFileReference; lastKnownFileType = wrapper.xcdatamodel; path = Model.xcdatamodel; sourceTree = "<group>"; };
		D46B33C82564FE7F0044E279 /* Contact+CoreDataClass.swift */ = {isa = PBXFileReference; lastKnownFileType = sourcecode.swift; path = "Contact+CoreDataClass.swift"; sourceTree = "<group>"; };
		D46B33C92564FE7F0044E279 /* Contact+CoreDataProperties.swift */ = {isa = PBXFileReference; lastKnownFileType = sourcecode.swift; path = "Contact+CoreDataProperties.swift"; sourceTree = "<group>"; };
		D46B33CD256506990044E279 /* Person.swift */ = {isa = PBXFileReference; lastKnownFileType = sourcecode.swift; path = Person.swift; sourceTree = "<group>"; };
		D46B33D0256509D30044E279 /* PersistenceManager.swift */ = {isa = PBXFileReference; lastKnownFileType = sourcecode.swift; path = PersistenceManager.swift; sourceTree = "<group>"; };
		D4D2F2D42564F4C7008D6915 /* CoreDataPracticeWithPio.app */ = {isa = PBXFileReference; explicitFileType = wrapper.application; includeInIndex = 0; path = CoreDataPracticeWithPio.app; sourceTree = BUILT_PRODUCTS_DIR; };
		D4D2F2D72564F4C7008D6915 /* AppDelegate.swift */ = {isa = PBXFileReference; lastKnownFileType = sourcecode.swift; path = AppDelegate.swift; sourceTree = "<group>"; };
		D4D2F2D92564F4C7008D6915 /* SceneDelegate.swift */ = {isa = PBXFileReference; lastKnownFileType = sourcecode.swift; path = SceneDelegate.swift; sourceTree = "<group>"; };
		D4D2F2DB2564F4C7008D6915 /* ViewController.swift */ = {isa = PBXFileReference; lastKnownFileType = sourcecode.swift; path = ViewController.swift; sourceTree = "<group>"; };
		D4D2F2DE2564F4C7008D6915 /* Base */ = {isa = PBXFileReference; lastKnownFileType = file.storyboard; name = Base; path = Base.lproj/Main.storyboard; sourceTree = "<group>"; };
		D4D2F2E32564F4CA008D6915 /* Assets.xcassets */ = {isa = PBXFileReference; lastKnownFileType = folder.assetcatalog; path = Assets.xcassets; sourceTree = "<group>"; };
		D4D2F2E62564F4CA008D6915 /* Base */ = {isa = PBXFileReference; lastKnownFileType = file.storyboard; name = Base; path = Base.lproj/LaunchScreen.storyboard; sourceTree = "<group>"; };
		D4D2F2E82564F4CA008D6915 /* Info.plist */ = {isa = PBXFileReference; lastKnownFileType = text.plist.xml; path = Info.plist; sourceTree = "<group>"; };
/* End PBXFileReference section */

/* Begin PBXFrameworksBuildPhase section */
		D4D2F2D12564F4C7008D6915 /* Frameworks */ = {
			isa = PBXFrameworksBuildPhase;
			buildActionMask = 2147483647;
			files = (
			);
			runOnlyForDeploymentPostprocessing = 0;
		};
/* End PBXFrameworksBuildPhase section */

/* Begin PBXGroup section */
		D4D2F2CB2564F4C7008D6915 = {
			isa = PBXGroup;
			children = (
				D46B33C82564FE7F0044E279 /* Contact+CoreDataClass.swift */,
				D46B33C92564FE7F0044E279 /* Contact+CoreDataProperties.swift */,
				D4D2F2D62564F4C7008D6915 /* CoreDataPracticeWithPio */,
				D4D2F2D52564F4C7008D6915 /* Products */,
			);
			sourceTree = "<group>";
		};
		D4D2F2D52564F4C7008D6915 /* Products */ = {
			isa = PBXGroup;
			children = (
				D4D2F2D42564F4C7008D6915 /* CoreDataPracticeWithPio.app */,
			);
			name = Products;
			sourceTree = "<group>";
		};
		D4D2F2D62564F4C7008D6915 /* CoreDataPracticeWithPio */ = {
			isa = PBXGroup;
			children = (
				D4D2F2D72564F4C7008D6915 /* AppDelegate.swift */,
				D4D2F2D92564F4C7008D6915 /* SceneDelegate.swift */,
				D4D2F2DB2564F4C7008D6915 /* ViewController.swift */,
				D46B33D0256509D30044E279 /* PersistenceManager.swift */,
				D46B33CD256506990044E279 /* Person.swift */,
				D4D2F2DD2564F4C7008D6915 /* Main.storyboard */,
				D4D2F2E32564F4CA008D6915 /* Assets.xcassets */,
				D4D2F2E52564F4CA008D6915 /* LaunchScreen.storyboard */,
				D4D2F2E82564F4CA008D6915 /* Info.plist */,
				D46B33C42564FE560044E279 /* Model.xcdatamodeld */,
			);
			path = CoreDataPracticeWithPio;
			sourceTree = "<group>";
		};
/* End PBXGroup section */

/* Begin PBXNativeTarget section */
		D4D2F2D32564F4C7008D6915 /* CoreDataPracticeWithPio */ = {
			isa = PBXNativeTarget;
			buildConfigurationList = D4D2F2EB2564F4CA008D6915 /* Build configuration list for PBXNativeTarget "CoreDataPracticeWithPio" */;
			buildPhases = (
				D4D2F2D02564F4C7008D6915 /* Sources */,
				D4D2F2D12564F4C7008D6915 /* Frameworks */,
				D4D2F2D22564F4C7008D6915 /* Resources */,
			);
			buildRules = (
			);
			dependencies = (
			);
			name = CoreDataPracticeWithPio;
			productName = CoreDataPracticeWithPio;
			productReference = D4D2F2D42564F4C7008D6915 /* CoreDataPracticeWithPio.app */;
			productType = "com.apple.product-type.application";
		};
/* End PBXNativeTarget section */

/* Begin PBXProject section */
		D4D2F2CC2564F4C7008D6915 /* Project object */ = {
			isa = PBXProject;
			attributes = {
				LastSwiftUpdateCheck = 1220;
				LastUpgradeCheck = 1220;
				TargetAttributes = {
					D4D2F2D32564F4C7008D6915 = {
						CreatedOnToolsVersion = 12.2;
					};
				};
			};
			buildConfigurationList = D4D2F2CF2564F4C7008D6915 /* Build configuration list for PBXProject "CoreDataPracticeWithPio" */;
			compatibilityVersion = "Xcode 9.3";
			developmentRegion = en;
			hasScannedForEncodings = 0;
			knownRegions = (
				en,
				Base,
			);
			mainGroup = D4D2F2CB2564F4C7008D6915;
			productRefGroup = D4D2F2D52564F4C7008D6915 /* Products */;
			projectDirPath = "";
			projectRoot = "";
			targets = (
				D4D2F2D32564F4C7008D6915 /* CoreDataPracticeWithPio */,
			);
		};
/* End PBXProject section */

/* Begin PBXResourcesBuildPhase section */
		D4D2F2D22564F4C7008D6915 /* Resources */ = {
			isa = PBXResourcesBuildPhase;
			buildActionMask = 2147483647;
			files = (
				D4D2F2E72564F4CA008D6915 /* LaunchScreen.storyboard in Resources */,
				D4D2F2E42564F4CA008D6915 /* Assets.xcassets in Resources */,
				D4D2F2DF2564F4C7008D6915 /* Main.storyboard in Resources */,
			);
			runOnlyForDeploymentPostprocessing = 0;
		};
/* End PBXResourcesBuildPhase section */

/* Begin PBXSourcesBuildPhase section */
		D4D2F2D02564F4C7008D6915 /* Sources */ = {
			isa = PBXSourcesBuildPhase;
			buildActionMask = 2147483647;
			files = (
				D46B33CB2564FE7F0044E279 /* Contact+CoreDataProperties.swift in Sources */,
				D4D2F2DC2564F4C7008D6915 /* ViewController.swift in Sources */,
				D4D2F2D82564F4C7008D6915 /* AppDelegate.swift in Sources */,
				D46B33D1256509D30044E279 /* PersistenceManager.swift in Sources */,
				D4D2F2DA2564F4C7008D6915 /* SceneDelegate.swift in Sources */,
				D46B33CE256506990044E279 /* Person.swift in Sources */,
				D46B33C62564FE560044E279 /* Model.xcdatamodeld in Sources */,
				D46B33CA2564FE7F0044E279 /* Contact+CoreDataClass.swift in Sources */,
			);
			runOnlyForDeploymentPostprocessing = 0;
		};
/* End PBXSourcesBuildPhase section */

/* Begin PBXVariantGroup section */
		D4D2F2DD2564F4C7008D6915 /* Main.storyboard */ = {
			isa = PBXVariantGroup;
			children = (
				D4D2F2DE2564F4C7008D6915 /* Base */,
			);
			name = Main.storyboard;
			sourceTree = "<group>";
		};
		D4D2F2E52564F4CA008D6915 /* LaunchScreen.storyboard */ = {
			isa = PBXVariantGroup;
			children = (
				D4D2F2E62564F4CA008D6915 /* Base */,
			);
			name = LaunchScreen.storyboard;
			sourceTree = "<group>";
		};
/* End PBXVariantGroup section */

/* Begin XCBuildConfiguration section */
		D4D2F2E92564F4CA008D6915 /* Debug */ = {
			isa = XCBuildConfiguration;
			buildSettings = {
				ALWAYS_SEARCH_USER_PATHS = NO;
				CLANG_ANALYZER_NONNULL = YES;
				CLANG_ANALYZER_NUMBER_OBJECT_CONVERSION = YES_AGGRESSIVE;
				CLANG_CXX_LANGUAGE_STANDARD = "gnu++14";
				CLANG_CXX_LIBRARY = "libc++";
				CLANG_ENABLE_MODULES = YES;
				CLANG_ENABLE_OBJC_ARC = YES;
				CLANG_ENABLE_OBJC_WEAK = YES;
				CLANG_WARN_BLOCK_CAPTURE_AUTORELEASING = YES;
				CLANG_WARN_BOOL_CONVERSION = YES;
				CLANG_WARN_COMMA = YES;
				CLANG_WARN_CONSTANT_CONVERSION = YES;
				CLANG_WARN_DEPRECATED_OBJC_IMPLEMENTATIONS = YES;
				CLANG_WARN_DIRECT_OBJC_ISA_USAGE = YES_ERROR;
				CLANG_WARN_DOCUMENTATION_COMMENTS = YES;
				CLANG_WARN_EMPTY_BODY = YES;
				CLANG_WARN_ENUM_CONVERSION = YES;
				CLANG_WARN_INFINITE_RECURSION = YES;
				CLANG_WARN_INT_CONVERSION = YES;
				CLANG_WARN_NON_LITERAL_NULL_CONVERSION = YES;
				CLANG_WARN_OBJC_IMPLICIT_RETAIN_SELF = YES;
				CLANG_WARN_OBJC_LITERAL_CONVERSION = YES;
				CLANG_WARN_OBJC_ROOT_CLASS = YES_ERROR;
				CLANG_WARN_QUOTED_INCLUDE_IN_FRAMEWORK_HEADER = YES;
				CLANG_WARN_RANGE_LOOP_ANALYSIS = YES;
				CLANG_WARN_STRICT_PROTOTYPES = YES;
				CLANG_WARN_SUSPICIOUS_MOVE = YES;
				CLANG_WARN_UNGUARDED_AVAILABILITY = YES_AGGRESSIVE;
				CLANG_WARN_UNREACHABLE_CODE = YES;
				CLANG_WARN__DUPLICATE_METHOD_MATCH = YES;
				COPY_PHASE_STRIP = NO;
				DEBUG_INFORMATION_FORMAT = dwarf;
				ENABLE_STRICT_OBJC_MSGSEND = YES;
				ENABLE_TESTABILITY = YES;
				GCC_C_LANGUAGE_STANDARD = gnu11;
				GCC_DYNAMIC_NO_PIC = NO;
				GCC_NO_COMMON_BLOCKS = YES;
				GCC_OPTIMIZATION_LEVEL = 0;
				GCC_PREPROCESSOR_DEFINITIONS = (
					"DEBUG=1",
					"$(inherited)",
				);
				GCC_WARN_64_TO_32_BIT_CONVERSION = YES;
				GCC_WARN_ABOUT_RETURN_TYPE = YES_ERROR;
				GCC_WARN_UNDECLARED_SELECTOR = YES;
				GCC_WARN_UNINITIALIZED_AUTOS = YES_AGGRESSIVE;
				GCC_WARN_UNUSED_FUNCTION = YES;
				GCC_WARN_UNUSED_VARIABLE = YES;
				IPHONEOS_DEPLOYMENT_TARGET = 14.2;
				MTL_ENABLE_DEBUG_INFO = INCLUDE_SOURCE;
				MTL_FAST_MATH = YES;
				ONLY_ACTIVE_ARCH = YES;
				SDKROOT = iphoneos;
				SWIFT_ACTIVE_COMPILATION_CONDITIONS = DEBUG;
				SWIFT_OPTIMIZATION_LEVEL = "-Onone";
			};
			name = Debug;
		};
		D4D2F2EA2564F4CA008D6915 /* Release */ = {
			isa = XCBuildConfiguration;
			buildSettings = {
				ALWAYS_SEARCH_USER_PATHS = NO;
				CLANG_ANALYZER_NONNULL = YES;
				CLANG_ANALYZER_NUMBER_OBJECT_CONVERSION = YES_AGGRESSIVE;
				CLANG_CXX_LANGUAGE_STANDARD = "gnu++14";
				CLANG_CXX_LIBRARY = "libc++";
				CLANG_ENABLE_MODULES = YES;
				CLANG_ENABLE_OBJC_ARC = YES;
				CLANG_ENABLE_OBJC_WEAK = YES;
				CLANG_WARN_BLOCK_CAPTURE_AUTORELEASING = YES;
				CLANG_WARN_BOOL_CONVERSION = YES;
				CLANG_WARN_COMMA = YES;
				CLANG_WARN_CONSTANT_CONVERSION = YES;
				CLANG_WARN_DEPRECATED_OBJC_IMPLEMENTATIONS = YES;
				CLANG_WARN_DIRECT_OBJC_ISA_USAGE = YES_ERROR;
				CLANG_WARN_DOCUMENTATION_COMMENTS = YES;
				CLANG_WARN_EMPTY_BODY = YES;
				CLANG_WARN_ENUM_CONVERSION = YES;
				CLANG_WARN_INFINITE_RECURSION = YES;
				CLANG_WARN_INT_CONVERSION = YES;
				CLANG_WARN_NON_LITERAL_NULL_CONVERSION = YES;
				CLANG_WARN_OBJC_IMPLICIT_RETAIN_SELF = YES;
				CLANG_WARN_OBJC_LITERAL_CONVERSION = YES;
				CLANG_WARN_OBJC_ROOT_CLASS = YES_ERROR;
				CLANG_WARN_QUOTED_INCLUDE_IN_FRAMEWORK_HEADER = YES;
				CLANG_WARN_RANGE_LOOP_ANALYSIS = YES;
				CLANG_WARN_STRICT_PROTOTYPES = YES;
				CLANG_WARN_SUSPICIOUS_MOVE = YES;
				CLANG_WARN_UNGUARDED_AVAILABILITY = YES_AGGRESSIVE;
				CLANG_WARN_UNREACHABLE_CODE = YES;
				CLANG_WARN__DUPLICATE_METHOD_MATCH = YES;
				COPY_PHASE_STRIP = NO;
				DEBUG_INFORMATION_FORMAT = "dwarf-with-dsym";
				ENABLE_NS_ASSERTIONS = NO;
				ENABLE_STRICT_OBJC_MSGSEND = YES;
				GCC_C_LANGUAGE_STANDARD = gnu11;
				GCC_NO_COMMON_BLOCKS = YES;
				GCC_WARN_64_TO_32_BIT_CONVERSION = YES;
				GCC_WARN_ABOUT_RETURN_TYPE = YES_ERROR;
				GCC_WARN_UNDECLARED_SELECTOR = YES;
				GCC_WARN_UNINITIALIZED_AUTOS = YES_AGGRESSIVE;
				GCC_WARN_UNUSED_FUNCTION = YES;
				GCC_WARN_UNUSED_VARIABLE = YES;
				IPHONEOS_DEPLOYMENT_TARGET = 14.2;
				MTL_ENABLE_DEBUG_INFO = NO;
				MTL_FAST_MATH = YES;
				SDKROOT = iphoneos;
				SWIFT_COMPILATION_MODE = wholemodule;
				SWIFT_OPTIMIZATION_LEVEL = "-O";
				VALIDATE_PRODUCT = YES;
			};
			name = Release;
		};
		D4D2F2EC2564F4CA008D6915 /* Debug */ = {
			isa = XCBuildConfiguration;
			buildSettings = {
				ASSETCATALOG_COMPILER_APPICON_NAME = AppIcon;
				ASSETCATALOG_COMPILER_GLOBAL_ACCENT_COLOR_NAME = AccentColor;
				CODE_SIGN_STYLE = Automatic;
				INFOPLIST_FILE = CoreDataPracticeWithPio/Info.plist;
				LD_RUNPATH_SEARCH_PATHS = (
					"$(inherited)",
					"@executable_path/Frameworks",
				);
				PRODUCT_BUNDLE_IDENTIFIER = kr.pio.CoreDataPracticeWithPio;
				PRODUCT_NAME = "$(TARGET_NAME)";
				SWIFT_VERSION = 5.0;
				TARGETED_DEVICE_FAMILY = "1,2";
			};
			name = Debug;
		};
		D4D2F2ED2564F4CA008D6915 /* Release */ = {
			isa = XCBuildConfiguration;
			buildSettings = {
				ASSETCATALOG_COMPILER_APPICON_NAME = AppIcon;
				ASSETCATALOG_COMPILER_GLOBAL_ACCENT_COLOR_NAME = AccentColor;
				CODE_SIGN_STYLE = Automatic;
				INFOPLIST_FILE = CoreDataPracticeWithPio/Info.plist;
				LD_RUNPATH_SEARCH_PATHS = (
					"$(inherited)",
					"@executable_path/Frameworks",
				);
				PRODUCT_BUNDLE_IDENTIFIER = kr.pio.CoreDataPracticeWithPio;
				PRODUCT_NAME = "$(TARGET_NAME)";
				SWIFT_VERSION = 5.0;
				TARGETED_DEVICE_FAMILY = "1,2";
			};
			name = Release;
		};
/* End XCBuildConfiguration section */

/* Begin XCConfigurationList section */
		D4D2F2CF2564F4C7008D6915 /* Build configuration list for PBXProject "CoreDataPracticeWithPio" */ = {
			isa = XCConfigurationList;
			buildConfigurations = (
				D4D2F2E92564F4CA008D6915 /* Debug */,
				D4D2F2EA2564F4CA008D6915 /* Release */,
			);
			defaultConfigurationIsVisible = 0;
			defaultConfigurationName = Release;
		};
		D4D2F2EB2564F4CA008D6915 /* Build configuration list for PBXNativeTarget "CoreDataPracticeWithPio" */ = {
			isa = XCConfigurationList;
			buildConfigurations = (
				D4D2F2EC2564F4CA008D6915 /* Debug */,
				D4D2F2ED2564F4CA008D6915 /* Release */,
			);
			defaultConfigurationIsVisible = 0;
			defaultConfigurationName = Release;
		};
/* End XCConfigurationList section */

/* Begin XCVersionGroup section */
		D46B33C42564FE560044E279 /* Model.xcdatamodeld */ = {
			isa = XCVersionGroup;
			children = (
				D46B33C52564FE560044E279 /* Model.xcdatamodel */,
			);
			currentVersion = D46B33C52564FE560044E279 /* Model.xcdatamodel */;
			path = Model.xcdatamodeld;
			sourceTree = "<group>";
			versionGroupType = wrapper.xcdatamodel;
		};
/* End XCVersionGroup section */
	};
	rootObject = D4D2F2CC2564F4C7008D6915 /* Project object */;
}
